
Microsoft Visual Studio Solution File, Format Version 12.00
# Visual Studio Version 17
VisualStudioVersion = 17.3.32804.467
MinimumVisualStudioVersion = 10.0.40219.1
Project("{FAE04EC0-301F-11D3-BF4B-00C04F79EFBC}") = "webAPI", "webAPI\webAPI.csproj", "{EB25BA8C-DBFC-490E-B57F-25262EEB40BA}"
EndProject
Global
	GlobalSection(SolutionConfigurationPlatforms) = preSolution
		Debug|Any CPU = Debug|Any CPU
		Release|Any CPU = Release|Any CPU
	EndGlobalSection
	GlobalSection(ProjectConfigurationPlatforms) = postSolution
		{EB25BA8C-DBFC-490E-B57F-25262EEB40BA}.Debug|Any CPU.ActiveCfg = Debug|Any CPU
		{EB25BA8C-DBFC-490E-B57F-25262EEB40BA}.Debug|Any CPU.Build.0 = Debug|Any CPU
		{EB25BA8C-DBFC-490E-B57F-25262EEB40BA}.Release|Any CPU.ActiveCfg = Release|Any CPU
		{EB25BA8C-DBFC-490E-B57F-25262EEB40BA}.Release|Any CPU.Build.0 = Release|Any CPU
	EndGlobalSection
	GlobalSection(SolutionProperties) = preSolution
		HideSolutionNode = FALSE
	EndGlobalSection
	GlobalSection(ExtensibilityGlobals) = postSolution
		SolutionGuid = {3FE92BBE-29DB-4F6B-9ACB-CA9ACB9C36E1}
	EndGlobalSection
EndGlobal
